lockfileVersion: '9.0'

settings:
  autoInstallPeers: true
  excludeLinksFromLockfile: false

importers:

  .:
    dependencies:
      destr:
        specifier: ^2.0.5
        version: 2.0.5
      es-toolkit:
        specifier: ^1.45.1
        version: 1.45.1
      rxjs-state-subject:
        specifier: ^5.0.1
        version: 5.0.1(rxjs@7.8.2)
      serialize-javascript:
        specifier: ^7.0.4
        version: 7.0.4
    devDependencies:
      '@biomejs/biome':
        specifier: 2.4.8
        version: 2.4.8
      '@types/node':
        specifier: ^24.12.0
        version: 24.12.0
      '@types/serialize-javascript':
        specifier: ^5.0.4
        version: 5.0.4
      lefthook:
        specifier: ^2.1.4
        version: 2.1.4
      rimraf:
        specifier: ^6.1.3
        version: 6.1.3
      rxjs:
        specifier: ^7.8.2
        version: 7.8.2
      typescript:
        specifier: ^5.9.3
        version: 5.9.3
    optionalDependencies:
      '@biomejs/cli-darwin-x64':
        specifier: ~2.4.8
        version: 2.4.8
      '@biomejs/cli-linux-x64':
        specifier: ~2.4.8
        version: 2.4.8
      '@biomejs/cli-win32-x64':
        specifier: ~2.4.8
        version: 2.4.8

packages:

  '@biomejs/biome@2.4.8':
    resolution: {integrity: sha512-ponn0oKOky1oRXBV+rlSaUlixUxf1aZvWC19Z41zBfUOUesthrQqL3OtiAlSB1EjFjyWpn98Q64DHelhA6jNlA==}
    engines: {node: '>=14.21.3'}
    hasBin: true

  '@biomejs/cli-darwin-arm64@2.4.8':
    resolution: {integrity: sha512-ARx0tECE8I7S2C2yjnWYLNbBdDoPdq3oyNLhMglmuctThwUsuzFWRKrHmIGwIRWKz0Mat9DuzLEDp52hGnrxGQ==}
    engines: {node: '>=14.21.3'}
    cpu: [arm64]
    os: [darwin]

  '@biomejs/cli-darwin-x64@2.4.8':
    resolution: {integrity: sha512-Jg9/PsB9vDCJlANE8uhG7qDhb5w0Ix69D7XIIc8IfZPUoiPrbLm33k2Ig3NOJ/7nb3UbesFz3D1aDKm9DvzjhQ==}
    engines: {node: '>=14.21.3'}
    cpu: [x64]
    os: [darwin]

  '@biomejs/cli-linux-arm64-musl@2.4.8':
    resolution: {integrity: sha512-Zo9OhBQDJ3IBGPlqHiTISloo5H0+FBIpemqIJdW/0edJ+gEcLR+MZeZozcUyz3o1nXkVA7++DdRKQT0599j9jA==}
    engines: {node: '>=14.21.3'}
    cpu: [arm64]
    os: [linux]
    libc: [musl]

  '@biomejs/cli-linux-arm64@2.4.8':
    resolution: {integrity: sha512-5CdrsJct76XG2hpKFwXnEtlT1p+4g4yV+XvvwBpzKsTNLO9c6iLlAxwcae2BJ7ekPGWjNGw9j09T5KGPKKxQig==}
    engines: {node: '>=14.21.3'}
    cpu: [arm64]
    os: [linux]
    libc: [glibc]

  '@biomejs/cli-linux-x64-musl@2.4.8':
    resolution: {integrity: sha512-Gi8quv8MEuDdKaPFtS2XjEnMqODPsRg6POT6KhoP+VrkNb+T2ywunVB+TvOU0LX1jAZzfBr+3V1mIbBhzAMKvw==}
    engines: {node: '>=14.21.3'}
    cpu: [x64]
    os: [linux]
    libc: [musl]

  '@biomejs/cli-linux-x64@2.4.8':
    resolution: {integrity: sha512-PdKXspVEaMCQLjtZCn6vfSck/li4KX9KGwSDbZdgIqlrizJ2MnMcE3TvHa2tVfXNmbjMikzcfJpuPWH695yJrw==}
    engines: {node: '>=14.21.3'}
    cpu: [x64]
    os: [linux]
    libc: [glibc]

  '@biomejs/cli-win32-arm64@2.4.8':
    resolution: {integrity: sha512-LoFatS0tnHv6KkCVpIy3qZCih+MxUMvdYiPWLHRri7mhi2vyOOs8OrbZBcLTUEWCS+ktO72nZMy4F96oMhkOHQ==}
    engines: {node: '>=14.21.3'}
    cpu: [arm64]
    os: [win32]

  '@biomejs/cli-win32-x64@2.4.8':
    resolution: {integrity: sha512-vAn7iXDoUbqFXqVocuq1sMYAd33p8+mmurqJkWl6CtIhobd/O6moe4rY5AJvzbunn/qZCdiDVcveqtkFh1e7Hg==}
    engines: {node: '>=14.21.3'}
    cpu: [x64]
    os: [win32]

  '@types/node@24.12.0':
    resolution: {integrity: sha512-GYDxsZi3ChgmckRT9HPU0WEhKLP08ev/Yfcq2AstjrDASOYCSXeyjDsHg4v5t4jOj7cyDX3vmprafKlWIG9MXQ==}

  '@types/serialize-javascript@5.0.4':
    resolution: {integrity: sha512-Z2R7UKFuNWCP8eoa2o9e5rkD3hmWxx/1L0CYz0k2BZzGh0PhEVMp9kfGiqEml/0IglwNERXZ2hwNzIrSz/KHTA==}

  balanced-match@4.0.4:
    resolution: {integrity: sha512-BLrgEcRTwX2o6gGxGOCNyMvGSp35YofuYzw9h1IMTRmKqttAZZVU67bdb9Pr2vUHA8+j3i2tJfjO6C6+4myGTA==}
    engines: {node: 18 || 20 || >=22}

  brace-expansion@5.0.4:
    resolution: {integrity: sha512-h+DEnpVvxmfVefa4jFbCf5HdH5YMDXRsmKflpf1pILZWRFlTbJpxeU55nJl4Smt5HQaGzg1o6RHFPJaOqnmBDg==}
    engines: {node: 18 || 20 || >=22}

  destr@2.0.5:
    resolution: {integrity: sha512-ugFTXCtDZunbzasqBxrK93Ik/DRYsO6S/fedkWEMKqt04xZ4csmnmwGDBAb07QWNaGMAmnTIemsYZCksjATwsA==}

  es-toolkit@1.45.1:
    resolution: {integrity: sha512-/jhoOj/Fx+A+IIyDNOvO3TItGmlMKhtX8ISAHKE90c4b/k1tqaqEZ+uUqfpU8DMnW5cgNJv606zS55jGvza0Xw==}

  glob@13.0.6:
    resolution: {integrity: sha512-Wjlyrolmm8uDpm/ogGyXZXb1Z+Ca2B8NbJwqBVg0axK9GbBeoS7yGV6vjXnYdGm6X53iehEuxxbyiKp8QmN4Vw==}
    engines: {node: 18 || 20 || >=22}

  lefthook-darwin-arm64@2.1.4:
    resolution: {integrity: sha512-BUAAE9+rUrjr39a+wH/1zHmGrDdwUQ2Yq/z6BQbM/yUb9qtXBRcQ5eOXxApqWW177VhGBpX31aqIlfAZ5Q7wzw==}
    cpu: [arm64]
    os: [darwin]

  lefthook-darwin-x64@2.1.4:
    resolution: {integrity: sha512-K1ncIMEe84fe+ss1hQNO7rIvqiKy2TJvTFpkypvqFodT7mJXZn7GLKYTIXdIuyPAYthRa9DwFnx5uMoHwD2F1Q==}
    cpu: [x64]
    os: [darwin]

  lefthook-freebsd-arm64@2.1.4:
    resolution: {integrity: sha512-PVUhjOhVN71YaYsVdQyNbFZ4a2jFB2Tg5hKrrn9kaWpx64aLz/XivLjwr8sEuTaP1GRlEWBpW6Bhrcsyo39qFw==}
    cpu: [arm64]
    os: [freebsd]

  lefthook-freebsd-x64@2.1.4:
    resolution: {integrity: sha512-ZWV9o/LeyWNEBoVO+BhLqxH3rGTba05nkm5NvMjEFSj7LbUNUDbQmupZwtHl1OMGJO66eZP0CalzRfUH6GhBxQ==}
    cpu: [x64]
    os: [freebsd]

  lefthook-linux-arm64@2.1.4:
    resolution: {integrity: sha512-iWN0pGnTjrIvNIcSI1vQBJXUbybTqJ5CLMniPA0olabMXQfPDrdMKVQe+mgdwHK+E3/Y0H0ZNL3lnOj6Sk6szA==}
    cpu: [arm64]
    os: [linux]

  lefthook-linux-x64@2.1.4:
    resolution: {integrity: sha512-96bTBE/JdYgqWYAJDh+/e/0MaxJ25XTOAk7iy/fKoZ1ugf6S0W9bEFbnCFNooXOcxNVTan5xWKfcjJmPIKtsJA==}
    cpu: [x64]
    os: [linux]

  lefthook-openbsd-arm64@2.1.4:
    resolution: {integrity: sha512-oYUoK6AIJNEr9lUSpIMj6g7sWzotvtc3ryw7yoOyQM6uqmEduw73URV/qGoUcm4nqqmR93ZalZwR2r3Gd61zvw==}
    cpu: [arm64]
    os: [openbsd]

  lefthook-openbsd-x64@2.1.4:
    resolution: {integrity: sha512-i/Dv9Jcm68y9cggr1PhyUhOabBGP9+hzQPoiyOhKks7y9qrJl79A8XfG6LHekSuYc2VpiSu5wdnnrE1cj2nfTg==}
    cpu: [x64]
    os: [openbsd]

  lefthook-windows-arm64@2.1.4:
    resolution: {integrity: sha512-hSww7z+QX4YMnw2lK7DMrs3+w7NtxksuMKOkCKGyxUAC/0m1LAICo0ZbtdDtZ7agxRQQQ/SEbzFRhU5ysNcbjA==}
    cpu: [arm64]
    os: [win32]

  lefthook-windows-x64@2.1.4:
    resolution: {integrity: sha512-eE68LwnogxwcPgGsbVGPGxmghyMGmU9SdGwcc+uhGnUxPz1jL89oECMWJNc36zjVK24umNeDAzB5KA3lw1MuWw==}
    cpu: [x64]
    os: [win32]

  lefthook@2.1.4:
    resolution: {integrity: sha512-JNfJ5gAn0KADvJ1I6/xMcx70+/6TL6U9gqGkKvPw5RNMfatC7jIg0Evl97HN846xmfz959BV70l8r3QsBJk30w==}
    hasBin: true

  lru-cache@11.2.7:
    resolution: {integrity: sha512-aY/R+aEsRelme17KGQa/1ZSIpLpNYYrhcrepKTZgE+W3WM16YMCaPwOHLHsmopZHELU0Ojin1lPVxKR0MihncA==}
    engines: {node: 20 || >=22}

  minimatch@10.2.4:
    resolution: {integrity: sha512-oRjTw/97aTBN0RHbYCdtF1MQfvusSIBQM0IZEgzl6426+8jSC0nF1a/GmnVLpfB9yyr6g6FTqWqiZVbxrtaCIg==}
    engines: {node: 18 || 20 || >=22}

  minipass@7.1.3:
    resolution: {integrity: sha512-tEBHqDnIoM/1rXME1zgka9g6Q2lcoCkxHLuc7ODJ5BxbP5d4c2Z5cGgtXAku59200Cx7diuHTOYfSBD8n6mm8A==}
    engines: {node: '>=16 || 14 >=14.17'}

  package-json-from-dist@1.0.1:
    resolution: {integrity: sha512-UEZIS3/by4OC8vL3P2dTXRETpebLI2NiI5vIrjaD/5UtrkFX/tNbwjTSRAGC/+7CAo2pIcBaRgWmcBBHcsaCIw==}

  path-scurry@2.0.2:
    resolution: {integrity: sha512-3O/iVVsJAPsOnpwWIeD+d6z/7PmqApyQePUtCndjatj/9I5LylHvt5qluFaBT3I5h3r1ejfR056c+FCv+NnNXg==}
    engines: {node: 18 || 20 || >=22}

  rimraf@6.1.3:
    resolution: {integrity: sha512-LKg+Cr2ZF61fkcaK1UdkH2yEBBKnYjTyWzTJT6KNPcSPaiT7HSdhtMXQuN5wkTX0Xu72KQ1l8S42rlmexS2hSA==}
    engines: {node: 20 || >=22}
    hasBin: true

  rxjs-state-subject@5.0.1:
    resolution: {integrity: sha512-4t2WZ/ZB4h3QrfUvuiddaSdTa+hzNhKSUloas20fIy2BPc0z7IDWNTUAk+JcrF6Z09jybMQZthyNp3DFJ4P4vg==}
    peerDependencies:
      rxjs: ^7.0.0

  rxjs@7.8.2:
    resolution: {integrity: sha512-dhKf903U/PQZY6boNNtAGdWbG85WAbjT/1xYoZIC7FAY0yWapOBQVsVrDl58W86//e1VpMNBtRV4MaXfdMySFA==}

  serialize-javascript@7.0.4:
    resolution: {integrity: sha512-DuGdB+Po43Q5Jxwpzt1lhyFSYKryqoNjQSA9M92tyw0lyHIOur+XCalOUe0KTJpyqzT8+fQ5A0Jf7vCx/NKmIg==}
    engines: {node: '>=20.0.0'}

  tslib@2.8.1:
    resolution: {integrity: sha512-oJFu94HQb+KVduSUQL7wnpmqnfmLsOA/nAh6b6EH0wCEoK0/mPeXU6c3wKDV83MkOuHPRHtSXKKU99IBazS/2w==}

  typescript@5.9.3:
    resolution: {integrity: sha512-jl1vZzPDinLr9eUt3J/t7V6FgNEw9QjvBPdysz9KfQDD41fQrC2Y4vKQdiaUpFT4bXlb1RHhLpp8wtm6M5TgSw==}
    engines: {node: '>=14.17'}
    hasBin: true

  undici-types@7.16.0:
    resolution: {integrity: sha512-Zz+aZWSj8LE6zoxD+xrjh4VfkIG8Ya6LvYkZqtUQGJPZjYl53ypCaUwWqo7eI0x66KBGeRo+mlBEkMSeSZ38Nw==}

snapshots:

  '@biomejs/biome@2.4.8':
    optionalDependencies:
      '@biomejs/cli-darwin-arm64': 2.4.8
      '@biomejs/cli-darwin-x64': 2.4.8
      '@biomejs/cli-linux-arm64': 2.4.8
      '@biomejs/cli-linux-arm64-musl': 2.4.8
      '@biomejs/cli-linux-x64': 2.4.8
      '@biomejs/cli-linux-x64-musl': 2.4.8
      '@biomejs/cli-win32-arm64': 2.4.8
      '@biomejs/cli-win32-x64': 2.4.8

  '@biomejs/cli-darwin-arm64@2.4.8':
    optional: true

  '@biomejs/cli-darwin-x64@2.4.8':
    optional: true

  '@biomejs/cli-linux-arm64-musl@2.4.8':
    optional: true

  '@biomejs/cli-linux-arm64@2.4.8':
    optional: true

  '@biomejs/cli-linux-x64-musl@2.4.8':
    optional: true

  '@biomejs/cli-linux-x64@2.4.8':
    optional: true

  '@biomejs/cli-win32-arm64@2.4.8':
    optional: true

  '@biomejs/cli-win32-x64@2.4.8':
    optional: true

  '@types/node@24.12.0':
    dependencies:
      undici-types: 7.16.0

  '@types/serialize-javascript@5.0.4': {}

  balanced-match@4.0.4: {}

  brace-expansion@5.0.4:
    dependencies:
      balanced-match: 4.0.4

  destr@2.0.5: {}

  es-toolkit@1.45.1: {}

  glob@13.0.6:
    dependencies:
      minimatch: 10.2.4
      minipass: 7.1.3
      path-scurry: 2.0.2

  lefthook-darwin-arm64@2.1.4:
    optional: true

  lefthook-darwin-x64@2.1.4:
    optional: true

  lefthook-freebsd-arm64@2.1.4:
    optional: true

  lefthook-freebsd-x64@2.1.4:
    optional: true

  lefthook-linux-arm64@2.1.4:
    optional: true

  lefthook-linux-x64@2.1.4:
    optional: true

  lefthook-openbsd-arm64@2.1.4:
    optional: true

  lefthook-openbsd-x64@2.1.4:
    optional: true

  lefthook-windows-arm64@2.1.4:
    optional: true

  lefthook-windows-x64@2.1.4:
    optional: true

  lefthook@2.1.4:
    optionalDependencies:
      lefthook-darwin-arm64: 2.1.4
      lefthook-darwin-x64: 2.1.4
      lefthook-freebsd-arm64: 2.1.4
      lefthook-freebsd-x64: 2.1.4
      lefthook-linux-arm64: 2.1.4
      lefthook-linux-x64: 2.1.4
      lefthook-openbsd-arm64: 2.1.4
      lefthook-openbsd-x64: 2.1.4
      lefthook-windows-arm64: 2.1.4
      lefthook-windows-x64: 2.1.4

  lru-cache@11.2.7: {}

  minimatch@10.2.4:
    dependencies:
      brace-expansion: 5.0.4

  minipass@7.1.3: {}

  package-json-from-dist@1.0.1: {}

  path-scurry@2.0.2:
    dependencies:
      lru-cache: 11.2.7
      minipass: 7.1.3

  rimraf@6.1.3:
    dependencies:
      glob: 13.0.6
      package-json-from-dist: 1.0.1

  rxjs-state-subject@5.0.1(rxjs@7.8.2):
    dependencies:
      es-toolkit: 1.45.1
      rxjs: 7.8.2

  rxjs@7.8.2:
    dependencies:
      tslib: 2.8.1

  serialize-javascript@7.0.4: {}

  tslib@2.8.1: {}

  typescript@5.9.3: {}

  undici-types@7.16.0: {}
