lockfileVersion: '9.0'

settings:
  autoInstallPeers: true
  excludeLinksFromLockfile: false

importers:

  .:
    dependencies:
      destr:
        specifier: ^2.0.5
        version: 2.0.5
      es-toolkit:
        specifier: ^1.44.0
        version: 1.44.0
      rxjs:
        specifier: ^7.8.2
        version: 7.8.2
      serialize-javascript:
        specifier: ^7.0.2
        version: 7.0.2
    devDependencies:
      '@biomejs/biome':
        specifier: 2.4.0
        version: 2.4.0
      '@types/node':
        specifier: ^24.10.13
        version: 24.10.13
      '@types/serialize-javascript':
        specifier: ^5.0.4
        version: 5.0.4
      lefthook:
        specifier: ^2.1.1
        version: 2.1.1
      rimraf:
        specifier: ^6.1.3
        version: 6.1.3
      typescript:
        specifier: ^5.9.3
        version: 5.9.3
    optionalDependencies:
      '@biomejs/cli-darwin-x64':
        specifier: ~2.4.0
        version: 2.4.0
      '@biomejs/cli-linux-x64':
        specifier: ~2.4.0
        version: 2.4.0
      '@biomejs/cli-win32-x64':
        specifier: ~2.4.0
        version: 2.4.0

packages:

  '@biomejs/biome@2.4.0':
    resolution: {integrity: sha512-iluT61cORUDIC5i/y42ljyQraCemmmcgbMLLCnYO+yh+2hjTmcMFcwY8G0zTzWCsPb3t3AyKc+0t/VuhPZULUg==}
    engines: {node: '>=14.21.3'}
    hasBin: true

  '@biomejs/cli-darwin-arm64@2.4.0':
    resolution: {integrity: sha512-L+YpOtPSuU0etomfvFTPWRsa7+8ejaJL3yaROEoT/96HDJbR6OsvZQk0C8JUYou+XFdP+JcGxqZknkp4n934RA==}
    engines: {node: '>=14.21.3'}
    cpu: [arm64]
    os: [darwin]

  '@biomejs/cli-darwin-x64@2.4.0':
    resolution: {integrity: sha512-Aq+S7ffpb5ynTyLgtnEjG+W6xuTd2F7FdC7J6ShpvRhZwJhjzwITGF9vrqoOnw0sv1XWkt2Q1Rpg+hleg/Xg7Q==}
    engines: {node: '>=14.21.3'}
    cpu: [x64]
    os: [darwin]

  '@biomejs/cli-linux-arm64-musl@2.4.0':
    resolution: {integrity: sha512-1rhDUq8sf7xX3tg7vbnU3WVfanKCKi40OXc4VleBMzRStmQHdeBY46aFP6VdwEomcVjyNiu+Zcr3LZtAdrZrjQ==}
    engines: {node: '>=14.21.3'}
    cpu: [arm64]
    os: [linux]
    libc: [musl]

  '@biomejs/cli-linux-arm64@2.4.0':
    resolution: {integrity: sha512-u2p54IhvNAWB+h7+rxCZe3reNfQYFK+ppDw+q0yegrGclFYnDPZAntv/PqgUacpC3uxTeuWFgWW7RFe3lHuxOA==}
    engines: {node: '>=14.21.3'}
    cpu: [arm64]
    os: [linux]
    libc: [glibc]

  '@biomejs/cli-linux-x64-musl@2.4.0':
    resolution: {integrity: sha512-Omo0xhl63z47X+CrE5viEWKJhejJyndl577VoXg763U/aoATrK3r5+8DPh02GokWPeODX1Hek00OtjjooGan9w==}
    engines: {node: '>=14.21.3'}
    cpu: [x64]
    os: [linux]
    libc: [musl]

  '@biomejs/cli-linux-x64@2.4.0':
    resolution: {integrity: sha512-WVFOhsnzhrbMGOSIcB9yFdRV2oG2KkRRhIZiunI9gJqSU3ax9ErdnTxRfJUxZUI9NbzVxC60OCXNcu+mXfF/Tw==}
    engines: {node: '>=14.21.3'}
    cpu: [x64]
    os: [linux]
    libc: [glibc]

  '@biomejs/cli-win32-arm64@2.4.0':
    resolution: {integrity: sha512-aqRwW0LJLV1v1NzyLvLWQhdLmDSAV1vUh+OBdYJaa8f28XBn5BZavo+WTfqgEzALZxlNfBmu6NGO6Al3MbCULw==}
    engines: {node: '>=14.21.3'}
    cpu: [arm64]
    os: [win32]

  '@biomejs/cli-win32-x64@2.4.0':
    resolution: {integrity: sha512-g47s+V+OqsGxbSZN3lpav6WYOk0PIc3aCBAq+p6dwSynL3K5MA6Cg6nkzDOlu28GEHwbakW+BllzHCJCxnfK5Q==}
    engines: {node: '>=14.21.3'}
    cpu: [x64]
    os: [win32]

  '@isaacs/cliui@9.0.0':
    resolution: {integrity: sha512-AokJm4tuBHillT+FpMtxQ60n8ObyXBatq7jD2/JA9dxbDDokKQm8KMht5ibGzLVU9IJDIKK4TPKgMHEYMn3lMg==}
    engines: {node: '>=18'}

  '@types/node@24.10.13':
    resolution: {integrity: sha512-oH72nZRfDv9lADUBSo104Aq7gPHpQZc4BTx38r9xf9pg5LfP6EzSyH2n7qFmmxRQXh7YlUXODcYsg6PuTDSxGg==}

  '@types/serialize-javascript@5.0.4':
    resolution: {integrity: sha512-Z2R7UKFuNWCP8eoa2o9e5rkD3hmWxx/1L0CYz0k2BZzGh0PhEVMp9kfGiqEml/0IglwNERXZ2hwNzIrSz/KHTA==}

  balanced-match@4.0.2:
    resolution: {integrity: sha512-x0K50QvKQ97fdEz2kPehIerj+YTeptKF9hyYkKf6egnwmMWAkADiO0QCzSp0R5xN8FTZgYaBfSaue46Ej62nMg==}
    engines: {node: 20 || >=22}

  brace-expansion@5.0.2:
    resolution: {integrity: sha512-Pdk8c9poy+YhOgVWw1JNN22/HcivgKWwpxKq04M/jTmHyCZn12WPJebZxdjSa5TmBqISrUSgNYU3eRORljfCCw==}
    engines: {node: 20 || >=22}

  destr@2.0.5:
    resolution: {integrity: sha512-ugFTXCtDZunbzasqBxrK93Ik/DRYsO6S/fedkWEMKqt04xZ4csmnmwGDBAb07QWNaGMAmnTIemsYZCksjATwsA==}

  es-toolkit@1.44.0:
    resolution: {integrity: sha512-6penXeZalaV88MM3cGkFZZfOoLGWshWWfdy0tWw/RlVVyhvMaWSBTOvXNeiW3e5FwdS5ePW0LGEu17zT139ktg==}

  glob@13.0.3:
    resolution: {integrity: sha512-/g3B0mC+4x724v1TgtBlBtt2hPi/EWptsIAmXUx9Z2rvBYleQcsrmaOzd5LyL50jf/Soi83ZDJmw2+XqvH/EeA==}
    engines: {node: 20 || >=22}

  jackspeak@4.2.3:
    resolution: {integrity: sha512-ykkVRwrYvFm1nb2AJfKKYPr0emF6IiXDYUaFx4Zn9ZuIH7MrzEZ3sD5RlqGXNRpHtvUHJyOnCEFxOlNDtGo7wg==}
    engines: {node: 20 || >=22}

  lefthook-darwin-arm64@2.1.1:
    resolution: {integrity: sha512-O/RS1j03/Fnq5zCzEb2r7UOBsqPeBuf1C5pMkIJcO4TSE6hf3rhLUkcorKc2M5ni/n5zLGtzQUXHV08/fSAT3Q==}
    cpu: [arm64]
    os: [darwin]

  lefthook-darwin-x64@2.1.1:
    resolution: {integrity: sha512-mm/kdKl81ROPoYnj9XYk5JDqj+/6Al8w/SSPDfhItkLJyl4pqS+hWUOP6gDGrnuRk8S0DvJ2+hzhnDsQnZohWQ==}
    cpu: [x64]
    os: [darwin]

  lefthook-freebsd-arm64@2.1.1:
    resolution: {integrity: sha512-F7JXlKmjxGqGbCWPLND0bVB4DMQezIe48pEwTlUQZbxh450c2gP5Q8FdttMZKOT163kBGGTqJAJSEC6zW+QSxA==}
    cpu: [arm64]
    os: [freebsd]

  lefthook-freebsd-x64@2.1.1:
    resolution: {integrity: sha512-Po8/lJMqNzKSZPuEI46dLuWoBoXtAxCuRpeOh6DAV/M4RhBynaCu8rLMZ9BqF7cVbZEWoplOmYo6HdOuiYpCkQ==}
    cpu: [x64]
    os: [freebsd]

  lefthook-linux-arm64@2.1.1:
    resolution: {integrity: sha512-mI2ljFgPEqHxI8vrN9nKgnVu63Rz1KisDbPwlvs7BTYNwq3sncdK5ukpGR4zzWdh6saNJ5tCtHEtep5GQI11nw==}
    cpu: [arm64]
    os: [linux]

  lefthook-linux-x64@2.1.1:
    resolution: {integrity: sha512-m3G/FaxC+crxeg9XeaUuHfEoL+i9gbkg2Hp2KD2IcVVIxprqlyqf0Hb8zbLV2NMXuo5RSGokJu44oAoTO3Ou2g==}
    cpu: [x64]
    os: [linux]

  lefthook-openbsd-arm64@2.1.1:
    resolution: {integrity: sha512-gz/8FJPvhjOdOFt1GmFvuvDOe+W+BBRjoeAT1/mTgkN7HCXMXgqNjjvakQKQeGz1I1v08wXG1ZNf5y+T9XBCDQ==}
    cpu: [arm64]
    os: [openbsd]

  lefthook-openbsd-x64@2.1.1:
    resolution: {integrity: sha512-ch3lyMUtbmtWUufaQVn4IoEs/2hjK51XqaCdY1mh5ca//VctR1peknIwQ5feHu+vATCDviWQ7HsdNDewm3HMPg==}
    cpu: [x64]
    os: [openbsd]

  lefthook-windows-arm64@2.1.1:
    resolution: {integrity: sha512-mm3PZhKDs9FE/jQDimkfWxtoj9xQ2k8uw2MdhtC825bhvIh+MEi0WFj/MOW+ug0RBg0I55tGYzZ5aVuozAWpTQ==}
    cpu: [arm64]
    os: [win32]

  lefthook-windows-x64@2.1.1:
    resolution: {integrity: sha512-1L2oGIzmhfOTxfwbe5mpSQ+m3ilpvGNymwIhn4UHq6hwHsUL6HEhODqx02GfBn6OXpVIr56bvdBAusjL/SVYGQ==}
    cpu: [x64]
    os: [win32]

  lefthook@2.1.1:
    resolution: {integrity: sha512-Tl9h9c+sG3ShzTHKuR3LAIblnnh+Mgxnm2Ul7yu9cu260Z27LEbO3V6Zw4YZFP59/2rlD42pt/llYsQCkkCFzw==}
    hasBin: true

  lru-cache@11.2.4:
    resolution: {integrity: sha512-B5Y16Jr9LB9dHVkh6ZevG+vAbOsNOYCX+sXvFWFu7B3Iz5mijW3zdbMyhsh8ANd2mSWBYdJgnqi+mL7/LrOPYg==}
    engines: {node: 20 || >=22}

  minimatch@10.2.0:
    resolution: {integrity: sha512-ugkC31VaVg9cF0DFVoADH12k6061zNZkZON+aX8AWsR9GhPcErkcMBceb6znR8wLERM2AkkOxy2nWRLpT9Jq5w==}
    engines: {node: 20 || >=22}

  minipass@7.1.2:
    resolution: {integrity: sha512-qOOzS1cBTWYF4BH8fVePDBOO9iptMnGUEZwNc/cMWnTV2nVLZ7VoNWEPHkYczZA0pdoA7dl6e7FL659nX9S2aw==}
    engines: {node: '>=16 || 14 >=14.17'}

  package-json-from-dist@1.0.1:
    resolution: {integrity: sha512-UEZIS3/by4OC8vL3P2dTXRETpebLI2NiI5vIrjaD/5UtrkFX/tNbwjTSRAGC/+7CAo2pIcBaRgWmcBBHcsaCIw==}

  path-scurry@2.0.1:
    resolution: {integrity: sha512-oWyT4gICAu+kaA7QWk/jvCHWarMKNs6pXOGWKDTr7cw4IGcUbW+PeTfbaQiLGheFRpjo6O9J0PmyMfQPjH71oA==}
    engines: {node: 20 || >=22}

  rimraf@6.1.3:
    resolution: {integrity: sha512-LKg+Cr2ZF61fkcaK1UdkH2yEBBKnYjTyWzTJT6KNPcSPaiT7HSdhtMXQuN5wkTX0Xu72KQ1l8S42rlmexS2hSA==}
    engines: {node: 20 || >=22}
    hasBin: true

  rxjs@7.8.2:
    resolution: {integrity: sha512-dhKf903U/PQZY6boNNtAGdWbG85WAbjT/1xYoZIC7FAY0yWapOBQVsVrDl58W86//e1VpMNBtRV4MaXfdMySFA==}

  serialize-javascript@7.0.2:
    resolution: {integrity: sha512-Y/agDAqbUWRYFWLF5pMT9Rb8wN5ERPMbQH7oq6R+4YgFdMNO4+ELo4PjFCW3H+2CbXirPr/XUgYT+3iXJfTbZQ==}
    engines: {node: '>=20.0.0'}

  tslib@2.8.1:
    resolution: {integrity: sha512-oJFu94HQb+KVduSUQL7wnpmqnfmLsOA/nAh6b6EH0wCEoK0/mPeXU6c3wKDV83MkOuHPRHtSXKKU99IBazS/2w==}

  typescript@5.9.3:
    resolution: {integrity: sha512-jl1vZzPDinLr9eUt3J/t7V6FgNEw9QjvBPdysz9KfQDD41fQrC2Y4vKQdiaUpFT4bXlb1RHhLpp8wtm6M5TgSw==}
    engines: {node: '>=14.17'}
    hasBin: true

  undici-types@7.16.0:
    resolution: {integrity: sha512-Zz+aZWSj8LE6zoxD+xrjh4VfkIG8Ya6LvYkZqtUQGJPZjYl53ypCaUwWqo7eI0x66KBGeRo+mlBEkMSeSZ38Nw==}

snapshots:

  '@biomejs/biome@2.4.0':
    optionalDependencies:
      '@biomejs/cli-darwin-arm64': 2.4.0
      '@biomejs/cli-darwin-x64': 2.4.0
      '@biomejs/cli-linux-arm64': 2.4.0
      '@biomejs/cli-linux-arm64-musl': 2.4.0
      '@biomejs/cli-linux-x64': 2.4.0
      '@biomejs/cli-linux-x64-musl': 2.4.0
      '@biomejs/cli-win32-arm64': 2.4.0
      '@biomejs/cli-win32-x64': 2.4.0

  '@biomejs/cli-darwin-arm64@2.4.0':
    optional: true

  '@biomejs/cli-darwin-x64@2.4.0':
    optional: true

  '@biomejs/cli-linux-arm64-musl@2.4.0':
    optional: true

  '@biomejs/cli-linux-arm64@2.4.0':
    optional: true

  '@biomejs/cli-linux-x64-musl@2.4.0':
    optional: true

  '@biomejs/cli-linux-x64@2.4.0':
    optional: true

  '@biomejs/cli-win32-arm64@2.4.0':
    optional: true

  '@biomejs/cli-win32-x64@2.4.0':
    optional: true

  '@isaacs/cliui@9.0.0': {}

  '@types/node@24.10.13':
    dependencies:
      undici-types: 7.16.0

  '@types/serialize-javascript@5.0.4': {}

  balanced-match@4.0.2:
    dependencies:
      jackspeak: 4.2.3

  brace-expansion@5.0.2:
    dependencies:
      balanced-match: 4.0.2

  destr@2.0.5: {}

  es-toolkit@1.44.0: {}

  glob@13.0.3:
    dependencies:
      minimatch: 10.2.0
      minipass: 7.1.2
      path-scurry: 2.0.1

  jackspeak@4.2.3:
    dependencies:
      '@isaacs/cliui': 9.0.0

  lefthook-darwin-arm64@2.1.1:
    optional: true

  lefthook-darwin-x64@2.1.1:
    optional: true

  lefthook-freebsd-arm64@2.1.1:
    optional: true

  lefthook-freebsd-x64@2.1.1:
    optional: true

  lefthook-linux-arm64@2.1.1:
    optional: true

  lefthook-linux-x64@2.1.1:
    optional: true

  lefthook-openbsd-arm64@2.1.1:
    optional: true

  lefthook-openbsd-x64@2.1.1:
    optional: true

  lefthook-windows-arm64@2.1.1:
    optional: true

  lefthook-windows-x64@2.1.1:
    optional: true

  lefthook@2.1.1:
    optionalDependencies:
      lefthook-darwin-arm64: 2.1.1
      lefthook-darwin-x64: 2.1.1
      lefthook-freebsd-arm64: 2.1.1
      lefthook-freebsd-x64: 2.1.1
      lefthook-linux-arm64: 2.1.1
      lefthook-linux-x64: 2.1.1
      lefthook-openbsd-arm64: 2.1.1
      lefthook-openbsd-x64: 2.1.1
      lefthook-windows-arm64: 2.1.1
      lefthook-windows-x64: 2.1.1

  lru-cache@11.2.4: {}

  minimatch@10.2.0:
    dependencies:
      brace-expansion: 5.0.2

  minipass@7.1.2: {}

  package-json-from-dist@1.0.1: {}

  path-scurry@2.0.1:
    dependencies:
      lru-cache: 11.2.4
      minipass: 7.1.2

  rimraf@6.1.3:
    dependencies:
      glob: 13.0.3
      package-json-from-dist: 1.0.1

  rxjs@7.8.2:
    dependencies:
      tslib: 2.8.1

  serialize-javascript@7.0.2: {}

  tslib@2.8.1: {}

  typescript@5.9.3: {}

  undici-types@7.16.0: {}
